
Microsoft Visual Studio Solution File, Format Version 12.00
# Visual Studio Version 16
VisualStudioVersion = 16.0.30709.132
MinimumVisualStudioVersion = 10.0.40219.1
Project("{9A19103F-16F7-4668-BE54-9A1E7A4F7556}") = "BooksLibrary", "BooksLibrary\BooksLibrary.csproj", "{E5C795F0-FCAD-4CE5-B6DB-6BBC865413E5}"
EndProject
Project("{9A19103F-16F7-4668-BE54-9A1E7A4F7556}") = "BooksData", "BooksData\BooksData.csproj", "{2BFCDEF7-FA73-4541-B321-B660B8E4B586}"
EndProject
Project("{FAE04EC0-301F-11D3-BF4B-00C04F79EFBC}") = "BooksLibraryService", "BooksLibraryService\BooksLibraryService.csproj", "{3DF8932E-2E3B-4117-9122-38F95674E819}"
EndProject
Global
	GlobalSection(SolutionConfigurationPlatforms) = preSolution
		Debug|Any CPU = Debug|Any CPU
		Release|Any CPU = Release|Any CPU
	EndGlobalSection
	GlobalSection(ProjectConfigurationPlatforms) = postSolution
		{E5C795F0-FCAD-4CE5-B6DB-6BBC865413E5}.Debug|Any CPU.ActiveCfg = Debug|Any CPU
		{E5C795F0-FCAD-4CE5-B6DB-6BBC865413E5}.Debug|Any CPU.Build.0 = Debug|Any CPU
		{E5C795F0-FCAD-4CE5-B6DB-6BBC865413E5}.Release|Any CPU.ActiveCfg = Release|Any CPU
		{E5C795F0-FCAD-4CE5-B6DB-6BBC865413E5}.Release|Any CPU.Build.0 = Release|Any CPU
		{2BFCDEF7-FA73-4541-B321-B660B8E4B586}.Debug|Any CPU.ActiveCfg = Debug|Any CPU
		{2BFCDEF7-FA73-4541-B321-B660B8E4B586}.Debug|Any CPU.Build.0 = Debug|Any CPU
		{2BFCDEF7-FA73-4541-B321-B660B8E4B586}.Release|Any CPU.ActiveCfg = Release|Any CPU
		{2BFCDEF7-FA73-4541-B321-B660B8E4B586}.Release|Any CPU.Build.0 = Release|Any CPU
		{3DF8932E-2E3B-4117-9122-38F95674E819}.Debug|Any CPU.ActiveCfg = Debug|Any CPU
		{3DF8932E-2E3B-4117-9122-38F95674E819}.Debug|Any CPU.Build.0 = Debug|Any CPU
		{3DF8932E-2E3B-4117-9122-38F95674E819}.Release|Any CPU.ActiveCfg = Release|Any CPU
		{3DF8932E-2E3B-4117-9122-38F95674E819}.Release|Any CPU.Build.0 = Release|Any CPU
	EndGlobalSection
	GlobalSection(SolutionProperties) = preSolution
		HideSolutionNode = FALSE
	EndGlobalSection
	GlobalSection(ExtensibilityGlobals) = postSolution
		SolutionGuid = {0DAFA350-B96A-4239-BF8A-33BE36BE8640}
	EndGlobalSection
EndGlobal
